{
  "name": "audioline",
  "version": "1.0.0",
  "lockfileVersion": 1,
  "requires": true,
  "dependencies": {
    "wavesurfer.js": {
      "version": "2.0.0-beta02",
      "resolved": "https://registry.npmjs.org/wavesurfer.js/-/wavesurfer.js-2.0.0-beta02.tgz",
      "integrity": "sha512-MBKeP9IJ3WvSojvb6IiUjbcgW+JzLjOa42mYDHkp3JUvBibV5SKEFG2BDZRcoY/lokpC4VLWoqyqXJcvtRPEoQ=="
    }
  }
}
